{
  "name": "repair",
  "version": "1.0.0",
  "lockfileVersion": 1,
  "requires": true,
  "dependencies": {
    "@fortawesome/fontawesome-pro": {
      "version": "5.5.0",
      "resolved": "https://npm.fontawesome.com/@fortawesome/fontawesome-pro/-/fontawesome-pro-5.5.0.tgz",
      "integrity": "sha512-tctbibBOAJeLanvJht6rgtd79+DzbMFxQ/qtpAVVeBixIQ2srzMkLQfe64LmKP9fZ+HnTOREZM+QXcPYd7fsmg==",
      "dev": true
    },
    "almond": {
      "version": "0.3.3",
      "resolved": "https://registry.npmjs.org/almond/-/almond-0.3.3.tgz",
      "integrity": "sha1-oOfJWsdiTWQXtElLHmi/9pMWiiA="
    },
    "bootstrap": {
      "version": "4.3.1",
      "resolved": "https://registry.npmjs.org/bootstrap/-/bootstrap-4.3.1.tgz",
      "integrity": "sha512-rXqOmH1VilAt2DyPzluTi2blhk17bO7ef+zLLPlWvG494pDxcM234pJ8wTc/6R40UWizAIIMgxjvxZg5kmsbag=="
    },
    "bootstrap-datepicker": {
      "version": "1.8.0",
      "resolved": "https://registry.npmjs.org/bootstrap-datepicker/-/bootstrap-datepicker-1.8.0.tgz",
      "integrity": "sha512-213St/G8KT3mjs4qu4qwww74KWysMaIeqgq5OhrboZjIjemIpyuxlSo9FNNI5+KzpkkxkRRba+oewiRGV42B1A==",
      "requires": {
        "jquery": ">=1.7.1 <4.0.0"
      }
    },
    "chart.js": {
      "version": "2.7.3",
      "resolved": "https://registry.npmjs.org/chart.js/-/chart.js-2.7.3.tgz",
      "integrity": "sha512-3+7k/DbR92m6BsMUYP6M0dMsMVZpMnwkUyNSAbqolHKsbIzH2Q4LWVEHHYq7v0fmEV8whXE0DrjANulw9j2K5g==",
      "requires": {
        "chartjs-color": "^2.1.0",
        "moment": "^2.10.2"
      }
    },
    "chartjs-color": {
      "version": "2.2.0",
      "resolved": "https://registry.npmjs.org/chartjs-color/-/chartjs-color-2.2.0.tgz",
      "integrity": "sha1-hKL7dVeH7YXDndbdjHsdiEKbrq4=",
      "requires": {
        "chartjs-color-string": "^0.5.0",
        "color-convert": "^0.5.3"
      }
    },
    "chartjs-color-string": {
      "version": "0.5.0",
      "resolved": "https://registry.npmjs.org/chartjs-color-string/-/chartjs-color-string-0.5.0.tgz",
      "integrity": "sha512-amWNvCOXlOUYxZVDSa0YOab5K/lmEhbFNKI55PWc4mlv28BDzA7zaoQTGxSBgJMHIW+hGX8YUrvw/FH4LyhwSQ==",
      "requires": {
        "color-name": "^1.0.0"
      }
    },
    "color-convert": {
      "version": "0.5.3",
      "resolved": "https://registry.npmjs.org/color-convert/-/color-convert-0.5.3.tgz",
      "integrity": "sha1-vbbGnOZg+t/+CwAHzER+G59ygr0="
    },
    "color-name": {
      "version": "1.1.4",
      "resolved": "https://registry.npmjs.org/color-name/-/color-name-1.1.4.tgz",
      "integrity": "sha512-dOy+3AuW3a2wNbZHIuMZpTcgjGuLU/uBL/ubcZF9OXbDo8ff4O8yVp5Bf0efS8uEoYo5q4Fx7dY9OgQGXgAsQA=="
    },
    "datatables.net": {
      "version": "1.10.19",
      "resolved": "https://registry.npmjs.org/datatables.net/-/datatables.net-1.10.19.tgz",
      "integrity": "sha512-+ljXcI6Pj3PTGy5pesp3E5Dr3x3AV45EZe0o1r0gKENN2gafBKXodVnk2ypKwl2tTmivjxbkiqoWnipTefyBTA==",
      "requires": {
        "jquery": ">=1.7"
      }
    },
    "datatables.net-bs4": {
      "version": "1.10.19",
      "resolved": "https://registry.npmjs.org/datatables.net-bs4/-/datatables.net-bs4-1.10.19.tgz",
      "integrity": "sha512-pgeP17w4aPR7HIxIwuJghfqXULjdg1K6xMUUKDyCERJRSNNK4MRToFfELtIsluLNN555YBK4Kx8nihX5/ZT1Fw==",
      "requires": {
        "datatables.net": "1.10.19",
        "jquery": ">=1.7"
      }
    },
    "jquery": {
      "version": "3.4.0",
      "resolved": "https://registry.npmjs.org/jquery/-/jquery-3.4.0.tgz",
      "integrity": "sha512-ggRCXln9zEqv6OqAGXFEcshF5dSBvCkzj6Gm2gzuR5fWawaX8t7cxKVkkygKODrDAzKdoYw3l/e3pm3vlT4IbQ=="
    },
    "jquery-mousewheel": {
      "version": "3.1.13",
      "resolved": "https://registry.npmjs.org/jquery-mousewheel/-/jquery-mousewheel-3.1.13.tgz",
      "integrity": "sha1-BvAzXxbjU6aV5yBr9QUDy1I6buU="
    },
    "moment": {
      "version": "2.29.4",
      "resolved": "https://registry.npmjs.org/moment/-/moment-2.29.4.tgz",
      "integrity": "sha512-5LC9SOxjSc2HF6vO2CyuTDNivEdoz2IvyJJGj6X8DJ0eFyfszE0QiEd+iXmBvUP3WHxSjFH/vIsA0EN00cgr8w=="
    },
    "popper.js": {
      "version": "1.14.4",
      "resolved": "https://registry.npmjs.org/popper.js/-/popper.js-1.14.4.tgz",
      "integrity": "sha1-juwdj/AqWjoVLdQ0FKFce3n9abY="
    },
    "select2": {
      "version": "4.0.6-rc.1",
      "resolved": "https://registry.npmjs.org/select2/-/select2-4.0.6-rc.1.tgz",
      "integrity": "sha1-qmwwOKfw8ukf+t448KIcFeGBMnY=",
      "requires": {
        "almond": "~0.3.1",
        "jquery-mousewheel": "~3.1.13"
      }
    }
  }
}
